
Microsoft Visual Studio Solution File, Format Version 12.00
# Visual Studio Version 17
VisualStudioVersion = 17.8.34408.163
MinimumVisualStudioVersion = 10.0.40219.1
Project("{2150E333-8FDC-42A3-9474-1A3956D46DE8}") = "Src", "Src", "{458FBB50-ABDB-4EDC-B3FD-9F6F31F5A35B}"
EndProject
Project("{2150E333-8FDC-42A3-9474-1A3956D46DE8}") = "Presentation", "Presentation", "{8626E006-6097-4C20-A557-DBE4E41B45B4}"
EndProject
Project("{9A19103F-16F7-4668-BE54-9A1E7A4F7556}") = "DPizza.WebApi", "DPizza.WebApi\DPizza.WebApi.csproj", "{C82EF510-A3BA-4145-B317-6DC99B93419E}"
EndProject
Project("{2150E333-8FDC-42A3-9474-1A3956D46DE8}") = "Core", "Core", "{4B721017-1A1E-44AE-BC9C-7D418623169F}"
EndProject
Project("{9A19103F-16F7-4668-BE54-9A1E7A4F7556}") = "DPizza.Application", "DPizza.Application\DPizza.Application.csproj", "{BA8A2B36-40D7-4093-86FB-998E97E5078D}"
EndProject
Project("{9A19103F-16F7-4668-BE54-9A1E7A4F7556}") = "DPizza.Domain", "DPizza.Domain\DPizza.Domain.csproj", "{2FE2B826-2EE5-4960-B5AD-E867A9F82118}"
EndProject
Project("{2150E333-8FDC-42A3-9474-1A3956D46DE8}") = "Infrastructure", "Infrastructure", "{3F25D208-8AA1-4D98-9874-0BD53BA87249}"
EndProject
Project("{9A19103F-16F7-4668-BE54-9A1E7A4F7556}") = "DPizza.Infrastructure.FileManager", "DPizza.Infrastructure.FileManager\DPizza.Infrastructure.FileManager.csproj", "{7E3E658A-C667-4203-95FF-AC289D70EBFB}"
EndProject
Project("{9A19103F-16F7-4668-BE54-9A1E7A4F7556}") = "DPizza.Infrastructure.Identity", "DPizza.Infrastructure.Identity\DPizza.Infrastructure.Identity.csproj", "{215F8568-04BA-4037-A1B5-7D8C8CA8BA07}"
EndProject
Project("{9A19103F-16F7-4668-BE54-9A1E7A4F7556}") = "DPizza.Infrastructure.Persistence", "DPizza.Infrastructure.Persistence\DPizza.Infrastructure.Persistence.csproj", "{D01343B0-5D36-464C-AB54-09B455F9DFA9}"
EndProject
Project("{9A19103F-16F7-4668-BE54-9A1E7A4F7556}") = "DPizza.Infrastructure.Resources", "DPizza.Infrastructure.Resources\DPizza.Infrastructure.Resources.csproj", "{BB6F4290-D72A-4F12-8443-DA4D594E556C}"
EndProject
Project("{9A19103F-16F7-4668-BE54-9A1E7A4F7556}") = "DPizza.Infrastructure.AutoMapper", "DPizza.Infrastructure.AutoMapper\DPizza.Infrastructure.AutoMapper.csproj", "{B4943E90-6B7D-4213-B981-A2283CF0B040}"
EndProject
Project("{2150E333-8FDC-42A3-9474-1A3956D46DE8}") = "Test", "Test", "{EF19010C-7477-411A-A3F0-4CE176AAF50E}"
EndProject
Project("{9A19103F-16F7-4668-BE54-9A1E7A4F7556}") = "Architecture.Tests", "Architecture.Tests\Architecture.Tests.csproj", "{74DFDE81-F26C-4575-8E9B-71EED73D8D09}"
EndProject
Project("{FAE04EC0-301F-11D3-BF4B-00C04F79EFBC}") = "DPizza.Application.Test", "DPizza.Application.Test\DPizza.Application.Test.csproj", "{73D6AF5A-67DB-4095-A91F-23E38B4DC9DA}"
EndProject
Global
	GlobalSection(SolutionConfigurationPlatforms) = preSolution
		Debug|Any CPU = Debug|Any CPU
		Release|Any CPU = Release|Any CPU
	EndGlobalSection
	GlobalSection(ProjectConfigurationPlatforms) = postSolution
		{C82EF510-A3BA-4145-B317-6DC99B93419E}.Debug|Any CPU.ActiveCfg = Debug|Any CPU
		{C82EF510-A3BA-4145-B317-6DC99B93419E}.Debug|Any CPU.Build.0 = Debug|Any CPU
		{C82EF510-A3BA-4145-B317-6DC99B93419E}.Release|Any CPU.ActiveCfg = Release|Any CPU
		{C82EF510-A3BA-4145-B317-6DC99B93419E}.Release|Any CPU.Build.0 = Release|Any CPU
		{BA8A2B36-40D7-4093-86FB-998E97E5078D}.Debug|Any CPU.ActiveCfg = Debug|Any CPU
		{BA8A2B36-40D7-4093-86FB-998E97E5078D}.Debug|Any CPU.Build.0 = Debug|Any CPU
		{BA8A2B36-40D7-4093-86FB-998E97E5078D}.Release|Any CPU.ActiveCfg = Release|Any CPU
		{BA8A2B36-40D7-4093-86FB-998E97E5078D}.Release|Any CPU.Build.0 = Release|Any CPU
		{2FE2B826-2EE5-4960-B5AD-E867A9F82118}.Debug|Any CPU.ActiveCfg = Debug|Any CPU
		{2FE2B826-2EE5-4960-B5AD-E867A9F82118}.Debug|Any CPU.Build.0 = Debug|Any CPU
		{2FE2B826-2EE5-4960-B5AD-E867A9F82118}.Release|Any CPU.ActiveCfg = Release|Any CPU
		{2FE2B826-2EE5-4960-B5AD-E867A9F82118}.Release|Any CPU.Build.0 = Release|Any CPU
		{7E3E658A-C667-4203-95FF-AC289D70EBFB}.Debug|Any CPU.ActiveCfg = Debug|Any CPU
		{7E3E658A-C667-4203-95FF-AC289D70EBFB}.Debug|Any CPU.Build.0 = Debug|Any CPU
		{7E3E658A-C667-4203-95FF-AC289D70EBFB}.Release|Any CPU.ActiveCfg = Release|Any CPU
		{7E3E658A-C667-4203-95FF-AC289D70EBFB}.Release|Any CPU.Build.0 = Release|Any CPU
		{215F8568-04BA-4037-A1B5-7D8C8CA8BA07}.Debug|Any CPU.ActiveCfg = Debug|Any CPU
		{215F8568-04BA-4037-A1B5-7D8C8CA8BA07}.Debug|Any CPU.Build.0 = Debug|Any CPU
		{215F8568-04BA-4037-A1B5-7D8C8CA8BA07}.Release|Any CPU.ActiveCfg = Release|Any CPU
		{215F8568-04BA-4037-A1B5-7D8C8CA8BA07}.Release|Any CPU.Build.0 = Release|Any CPU
		{D01343B0-5D36-464C-AB54-09B455F9DFA9}.Debug|Any CPU.ActiveCfg = Debug|Any CPU
		{D01343B0-5D36-464C-AB54-09B455F9DFA9}.Debug|Any CPU.Build.0 = Debug|Any CPU
		{D01343B0-5D36-464C-AB54-09B455F9DFA9}.Release|Any CPU.ActiveCfg = Release|Any CPU
		{D01343B0-5D36-464C-AB54-09B455F9DFA9}.Release|Any CPU.Build.0 = Release|Any CPU
		{BB6F4290-D72A-4F12-8443-DA4D594E556C}.Debug|Any CPU.ActiveCfg = Debug|Any CPU
		{BB6F4290-D72A-4F12-8443-DA4D594E556C}.Debug|Any CPU.Build.0 = Debug|Any CPU
		{BB6F4290-D72A-4F12-8443-DA4D594E556C}.Release|Any CPU.ActiveCfg = Release|Any CPU
		{BB6F4290-D72A-4F12-8443-DA4D594E556C}.Release|Any CPU.Build.0 = Release|Any CPU
		{B4943E90-6B7D-4213-B981-A2283CF0B040}.Debug|Any CPU.ActiveCfg = Debug|Any CPU
		{B4943E90-6B7D-4213-B981-A2283CF0B040}.Debug|Any CPU.Build.0 = Debug|Any CPU
		{B4943E90-6B7D-4213-B981-A2283CF0B040}.Release|Any CPU.ActiveCfg = Release|Any CPU
		{B4943E90-6B7D-4213-B981-A2283CF0B040}.Release|Any CPU.Build.0 = Release|Any CPU
		{74DFDE81-F26C-4575-8E9B-71EED73D8D09}.Debug|Any CPU.ActiveCfg = Debug|Any CPU
		{74DFDE81-F26C-4575-8E9B-71EED73D8D09}.Debug|Any CPU.Build.0 = Debug|Any CPU
		{74DFDE81-F26C-4575-8E9B-71EED73D8D09}.Release|Any CPU.ActiveCfg = Release|Any CPU
		{74DFDE81-F26C-4575-8E9B-71EED73D8D09}.Release|Any CPU.Build.0 = Release|Any CPU
		{73D6AF5A-67DB-4095-A91F-23E38B4DC9DA}.Debug|Any CPU.ActiveCfg = Debug|Any CPU
		{73D6AF5A-67DB-4095-A91F-23E38B4DC9DA}.Debug|Any CPU.Build.0 = Debug|Any CPU
		{73D6AF5A-67DB-4095-A91F-23E38B4DC9DA}.Release|Any CPU.ActiveCfg = Release|Any CPU
		{73D6AF5A-67DB-4095-A91F-23E38B4DC9DA}.Release|Any CPU.Build.0 = Release|Any CPU
	EndGlobalSection
	GlobalSection(SolutionProperties) = preSolution
		HideSolutionNode = FALSE
	EndGlobalSection
	GlobalSection(NestedProjects) = preSolution
		{8626E006-6097-4C20-A557-DBE4E41B45B4} = {458FBB50-ABDB-4EDC-B3FD-9F6F31F5A35B}
		{C82EF510-A3BA-4145-B317-6DC99B93419E} = {8626E006-6097-4C20-A557-DBE4E41B45B4}
		{4B721017-1A1E-44AE-BC9C-7D418623169F} = {458FBB50-ABDB-4EDC-B3FD-9F6F31F5A35B}
		{BA8A2B36-40D7-4093-86FB-998E97E5078D} = {4B721017-1A1E-44AE-BC9C-7D418623169F}
		{2FE2B826-2EE5-4960-B5AD-E867A9F82118} = {4B721017-1A1E-44AE-BC9C-7D418623169F}
		{3F25D208-8AA1-4D98-9874-0BD53BA87249} = {458FBB50-ABDB-4EDC-B3FD-9F6F31F5A35B}
		{7E3E658A-C667-4203-95FF-AC289D70EBFB} = {3F25D208-8AA1-4D98-9874-0BD53BA87249}
		{215F8568-04BA-4037-A1B5-7D8C8CA8BA07} = {3F25D208-8AA1-4D98-9874-0BD53BA87249}
		{D01343B0-5D36-464C-AB54-09B455F9DFA9} = {3F25D208-8AA1-4D98-9874-0BD53BA87249}
		{BB6F4290-D72A-4F12-8443-DA4D594E556C} = {3F25D208-8AA1-4D98-9874-0BD53BA87249}
		{B4943E90-6B7D-4213-B981-A2283CF0B040} = {3F25D208-8AA1-4D98-9874-0BD53BA87249}
		{EF19010C-7477-411A-A3F0-4CE176AAF50E} = {458FBB50-ABDB-4EDC-B3FD-9F6F31F5A35B}
		{74DFDE81-F26C-4575-8E9B-71EED73D8D09} = {EF19010C-7477-411A-A3F0-4CE176AAF50E}
		{73D6AF5A-67DB-4095-A91F-23E38B4DC9DA} = {EF19010C-7477-411A-A3F0-4CE176AAF50E}
	EndGlobalSection
	GlobalSection(ExtensibilityGlobals) = postSolution
		SolutionGuid = {9843882A-C64B-4708-B67C-55C371A90046}
	EndGlobalSection
EndGlobal
